github.com/go-telegram-bot-api/telegram-bot-api/v5 v5.5.1 h1:wG8n/XJQ07TmjbITcGiUaOtXxdrINDz1b0J1w0SzqDc=
github.com/go-telegram-bot-api/telegram-bot-api/v5 v5.5.1/go.mod h1:A2S0CWkNylc2phvKXWBBdD3K0iGnDBGbzRpISP2zBl8=
github.com/vayw/gosocial v0.0.0-20190815125216-35414957bf97 h1:N/KAxzILiqQYdX2/xoXdFonf/7WkXcEdfwicZXCPZe8=
github.com/vayw/gosocial v0.0.0-20190815125216-35414957bf97/go.mod h1:xS6JgO1XAtKmwDVIGM1I5vUDSnTyfF6ox4gFVn3O1AU=
